
Microsoft Visual Studio Solution File, Format Version 12.00
# Visual Studio Version 17
VisualStudioVersion = 17.6.33723.286
MinimumVisualStudioVersion = 10.0.40219.1
Project("{FAE04EC0-301F-11D3-BF4B-00C04F79EFBC}") = "ThreadTest", "ThreadTest.csproj", "{1AD2B326-ADCE-4F47-B976-31AAFA15D9D9}"
EndProject
Global
	GlobalSection(SolutionConfigurationPlatforms) = preSolution
		Debug|Any CPU = Debug|Any CPU
		Release|Any CPU = Release|Any CPU
	EndGlobalSection
	GlobalSection(ProjectConfigurationPlatforms) = postSolution
		{1AD2B326-ADCE-4F47-B976-31AAFA15D9D9}.Debug|Any CPU.ActiveCfg = Debug|Any CPU
		{1AD2B326-ADCE-4F47-B976-31AAFA15D9D9}.Debug|Any CPU.Build.0 = Debug|Any CPU
		{1AD2B326-ADCE-4F47-B976-31AAFA15D9D9}.Release|Any CPU.ActiveCfg = Release|Any CPU
		{1AD2B326-ADCE-4F47-B976-31AAFA15D9D9}.Release|Any CPU.Build.0 = Release|Any CPU
	EndGlobalSection
	GlobalSection(SolutionProperties) = preSolution
		HideSolutionNode = FALSE
	EndGlobalSection
	GlobalSection(ExtensibilityGlobals) = postSolution
		SolutionGuid = {8FF68A5D-92F5-4DBE-86DB-F7F29A538C8D}
	EndGlobalSection
EndGlobal
