
Microsoft Visual Studio Solution File, Format Version 12.00
# Visual Studio Version 17
VisualStudioVersion = 17.6.33723.286
MinimumVisualStudioVersion = 10.0.40219.1
Project("{FAE04EC0-301F-11D3-BF4B-00C04F79EFBC}") = "EFProject1", "EFProject1.csproj", "{B8FC88D0-D27D-412B-9727-8FA0CF0C697A}"
EndProject
Global
	GlobalSection(SolutionConfigurationPlatforms) = preSolution
		Debug|Any CPU = Debug|Any CPU
		Release|Any CPU = Release|Any CPU
	EndGlobalSection
	GlobalSection(ProjectConfigurationPlatforms) = postSolution
		{B8FC88D0-D27D-412B-9727-8FA0CF0C697A}.Debug|Any CPU.ActiveCfg = Debug|Any CPU
		{B8FC88D0-D27D-412B-9727-8FA0CF0C697A}.Debug|Any CPU.Build.0 = Debug|Any CPU
		{B8FC88D0-D27D-412B-9727-8FA0CF0C697A}.Release|Any CPU.ActiveCfg = Release|Any CPU
		{B8FC88D0-D27D-412B-9727-8FA0CF0C697A}.Release|Any CPU.Build.0 = Release|Any CPU
	EndGlobalSection
	GlobalSection(SolutionProperties) = preSolution
		HideSolutionNode = FALSE
	EndGlobalSection
	GlobalSection(ExtensibilityGlobals) = postSolution
		SolutionGuid = {B48BF6BC-471E-4E5D-8839-7712FBB55E4B}
	EndGlobalSection
EndGlobal
