
Microsoft Visual Studio Solution File, Format Version 12.00
# Visual Studio Version 17
VisualStudioVersion = 17.6.33723.286
MinimumVisualStudioVersion = 10.0.40219.1
Project("{FAE04EC0-301F-11D3-BF4B-00C04F79EFBC}") = "SqlConnectionProgram1", "SqlConnectionProgram1.csproj", "{9E6D821E-9C25-4323-BF84-C60FAE6C41B7}"
EndProject
Global
	GlobalSection(SolutionConfigurationPlatforms) = preSolution
		Debug|Any CPU = Debug|Any CPU
		Release|Any CPU = Release|Any CPU
	EndGlobalSection
	GlobalSection(ProjectConfigurationPlatforms) = postSolution
		{9E6D821E-9C25-4323-BF84-C60FAE6C41B7}.Debug|Any CPU.ActiveCfg = Debug|Any CPU
		{9E6D821E-9C25-4323-BF84-C60FAE6C41B7}.Debug|Any CPU.Build.0 = Debug|Any CPU
		{9E6D821E-9C25-4323-BF84-C60FAE6C41B7}.Release|Any CPU.ActiveCfg = Release|Any CPU
		{9E6D821E-9C25-4323-BF84-C60FAE6C41B7}.Release|Any CPU.Build.0 = Release|Any CPU
	EndGlobalSection
	GlobalSection(SolutionProperties) = preSolution
		HideSolutionNode = FALSE
	EndGlobalSection
	GlobalSection(ExtensibilityGlobals) = postSolution
		SolutionGuid = {B3846B6B-FFB3-460D-806B-B79F2E7F96A9}
	EndGlobalSection
EndGlobal
