
Microsoft Visual Studio Solution File, Format Version 12.00
# Visual Studio Version 17
VisualStudioVersion = 17.6.33723.286
MinimumVisualStudioVersion = 10.0.40219.1
Project("{FAE04EC0-301F-11D3-BF4B-00C04F79EFBC}") = "CSharpAssignment7 -July18", "CSharpAssignment7 -July18.csproj", "{D3D54084-F8AE-4C55-85A2-92B0B6347777}"
EndProject
Global
	GlobalSection(SolutionConfigurationPlatforms) = preSolution
		Debug|Any CPU = Debug|Any CPU
		Release|Any CPU = Release|Any CPU
	EndGlobalSection
	GlobalSection(ProjectConfigurationPlatforms) = postSolution
		{D3D54084-F8AE-4C55-85A2-92B0B6347777}.Debug|Any CPU.ActiveCfg = Debug|Any CPU
		{D3D54084-F8AE-4C55-85A2-92B0B6347777}.Debug|Any CPU.Build.0 = Debug|Any CPU
		{D3D54084-F8AE-4C55-85A2-92B0B6347777}.Release|Any CPU.ActiveCfg = Release|Any CPU
		{D3D54084-F8AE-4C55-85A2-92B0B6347777}.Release|Any CPU.Build.0 = Release|Any CPU
	EndGlobalSection
	GlobalSection(SolutionProperties) = preSolution
		HideSolutionNode = FALSE
	EndGlobalSection
	GlobalSection(ExtensibilityGlobals) = postSolution
		SolutionGuid = {54497E1D-563E-4E55-AC88-481EC38C64C4}
	EndGlobalSection
EndGlobal
