
Microsoft Visual Studio Solution File, Format Version 12.00
# Visual Studio Version 17
VisualStudioVersion = 17.6.33723.286
MinimumVisualStudioVersion = 10.0.40219.1
Project("{FAE04EC0-301F-11D3-BF4B-00C04F79EFBC}") = "Csharp Assignment 5 -July 11", "Csharp Assignment 5 -July 11.csproj", "{1BFD59FF-21AF-414C-913F-7FF66AB0DB63}"
EndProject
Global
	GlobalSection(SolutionConfigurationPlatforms) = preSolution
		Debug|Any CPU = Debug|Any CPU
		Release|Any CPU = Release|Any CPU
	EndGlobalSection
	GlobalSection(ProjectConfigurationPlatforms) = postSolution
		{1BFD59FF-21AF-414C-913F-7FF66AB0DB63}.Debug|Any CPU.ActiveCfg = Debug|Any CPU
		{1BFD59FF-21AF-414C-913F-7FF66AB0DB63}.Debug|Any CPU.Build.0 = Debug|Any CPU
		{1BFD59FF-21AF-414C-913F-7FF66AB0DB63}.Release|Any CPU.ActiveCfg = Release|Any CPU
		{1BFD59FF-21AF-414C-913F-7FF66AB0DB63}.Release|Any CPU.Build.0 = Release|Any CPU
	EndGlobalSection
	GlobalSection(SolutionProperties) = preSolution
		HideSolutionNode = FALSE
	EndGlobalSection
	GlobalSection(ExtensibilityGlobals) = postSolution
		SolutionGuid = {439F5482-5639-4241-8DEA-9A3075683E86}
	EndGlobalSection
EndGlobal
