
Microsoft Visual Studio Solution File, Format Version 12.00
# Visual Studio Version 17
VisualStudioVersion = 17.6.33723.286
MinimumVisualStudioVersion = 10.0.40219.1
Project("{FAE04EC0-301F-11D3-BF4B-00C04F79EFBC}") = "EmployeeManagment", "EmployeeManagment.csproj", "{BD665F5F-199C-486B-B59D-4EA447A30330}"
EndProject
Project("{FAE04EC0-301F-11D3-BF4B-00C04F79EFBC}") = "EmployeeApplication.Model", "..\EmployeeApplication.Model\EmployeeApplication.Model.csproj", "{09EE676F-0D40-4019-9F6F-D94CB74A1AFF}"
EndProject
Project("{FAE04EC0-301F-11D3-BF4B-00C04F79EFBC}") = "EmployeeApplication.Repository", "..\EmployeeApplication.Repository\EmployeeApplication.Repository.csproj", "{F5081D93-1AAD-4ADF-AB39-BB98F0FCB55F}"
EndProject
Global
	GlobalSection(SolutionConfigurationPlatforms) = preSolution
		Debug|Any CPU = Debug|Any CPU
		Release|Any CPU = Release|Any CPU
	EndGlobalSection
	GlobalSection(ProjectConfigurationPlatforms) = postSolution
		{BD665F5F-199C-486B-B59D-4EA447A30330}.Debug|Any CPU.ActiveCfg = Debug|Any CPU
		{BD665F5F-199C-486B-B59D-4EA447A30330}.Debug|Any CPU.Build.0 = Debug|Any CPU
		{BD665F5F-199C-486B-B59D-4EA447A30330}.Release|Any CPU.ActiveCfg = Release|Any CPU
		{BD665F5F-199C-486B-B59D-4EA447A30330}.Release|Any CPU.Build.0 = Release|Any CPU
		{09EE676F-0D40-4019-9F6F-D94CB74A1AFF}.Debug|Any CPU.ActiveCfg = Debug|Any CPU
		{09EE676F-0D40-4019-9F6F-D94CB74A1AFF}.Debug|Any CPU.Build.0 = Debug|Any CPU
		{09EE676F-0D40-4019-9F6F-D94CB74A1AFF}.Release|Any CPU.ActiveCfg = Release|Any CPU
		{09EE676F-0D40-4019-9F6F-D94CB74A1AFF}.Release|Any CPU.Build.0 = Release|Any CPU
		{F5081D93-1AAD-4ADF-AB39-BB98F0FCB55F}.Debug|Any CPU.ActiveCfg = Debug|Any CPU
		{F5081D93-1AAD-4ADF-AB39-BB98F0FCB55F}.Debug|Any CPU.Build.0 = Debug|Any CPU
		{F5081D93-1AAD-4ADF-AB39-BB98F0FCB55F}.Release|Any CPU.ActiveCfg = Release|Any CPU
		{F5081D93-1AAD-4ADF-AB39-BB98F0FCB55F}.Release|Any CPU.Build.0 = Release|Any CPU
	EndGlobalSection
	GlobalSection(SolutionProperties) = preSolution
		HideSolutionNode = FALSE
	EndGlobalSection
	GlobalSection(ExtensibilityGlobals) = postSolution
		SolutionGuid = {3C49C7D6-AF9E-40FE-827D-522B6568011F}
	EndGlobalSection
EndGlobal
