
Microsoft Visual Studio Solution File, Format Version 12.00
# Visual Studio Version 17
VisualStudioVersion = 17.6.33723.286
MinimumVisualStudioVersion = 10.0.40219.1
Project("{FAE04EC0-301F-11D3-BF4B-00C04F79EFBC}") = "MyGenericComparer", "MyGenericComparer.csproj", "{851A3A5D-CA74-4CD9-B2A2-BFFF974C58AD}"
EndProject
Global
	GlobalSection(SolutionConfigurationPlatforms) = preSolution
		Debug|Any CPU = Debug|Any CPU
		Release|Any CPU = Release|Any CPU
	EndGlobalSection
	GlobalSection(ProjectConfigurationPlatforms) = postSolution
		{851A3A5D-CA74-4CD9-B2A2-BFFF974C58AD}.Debug|Any CPU.ActiveCfg = Debug|Any CPU
		{851A3A5D-CA74-4CD9-B2A2-BFFF974C58AD}.Debug|Any CPU.Build.0 = Debug|Any CPU
		{851A3A5D-CA74-4CD9-B2A2-BFFF974C58AD}.Release|Any CPU.ActiveCfg = Release|Any CPU
		{851A3A5D-CA74-4CD9-B2A2-BFFF974C58AD}.Release|Any CPU.Build.0 = Release|Any CPU
	EndGlobalSection
	GlobalSection(SolutionProperties) = preSolution
		HideSolutionNode = FALSE
	EndGlobalSection
	GlobalSection(ExtensibilityGlobals) = postSolution
		SolutionGuid = {4D9F8A69-56B1-41EE-92B0-C9B8C7A44EAB}
	EndGlobalSection
EndGlobal
