
Microsoft Visual Studio Solution File, Format Version 12.00
# Visual Studio Version 17
VisualStudioVersion = 17.6.33723.286
MinimumVisualStudioVersion = 10.0.40219.1
Project("{FAE04EC0-301F-11D3-BF4B-00C04F79EFBC}") = "Assignment2", "Assignment2.csproj", "{9475F9F1-3C0A-4C0E-903A-8B19A791DD25}"
EndProject
Global
	GlobalSection(SolutionConfigurationPlatforms) = preSolution
		Debug|Any CPU = Debug|Any CPU
		Release|Any CPU = Release|Any CPU
	EndGlobalSection
	GlobalSection(ProjectConfigurationPlatforms) = postSolution
		{9475F9F1-3C0A-4C0E-903A-8B19A791DD25}.Debug|Any CPU.ActiveCfg = Debug|Any CPU
		{9475F9F1-3C0A-4C0E-903A-8B19A791DD25}.Debug|Any CPU.Build.0 = Debug|Any CPU
		{9475F9F1-3C0A-4C0E-903A-8B19A791DD25}.Release|Any CPU.ActiveCfg = Release|Any CPU
		{9475F9F1-3C0A-4C0E-903A-8B19A791DD25}.Release|Any CPU.Build.0 = Release|Any CPU
	EndGlobalSection
	GlobalSection(SolutionProperties) = preSolution
		HideSolutionNode = FALSE
	EndGlobalSection
	GlobalSection(ExtensibilityGlobals) = postSolution
		SolutionGuid = {59CF67B3-A649-4583-B847-B76DB878D19D}
	EndGlobalSection
EndGlobal
