
Microsoft Visual Studio Solution File, Format Version 12.00
# Visual Studio Version 17
VisualStudioVersion = 17.6.33723.286
MinimumVisualStudioVersion = 10.0.40219.1
Project("{FAE04EC0-301F-11D3-BF4B-00C04F79EFBC}") = "SportsApp", "SportsApp.csproj", "{12CF3065-EB33-4553-9CC3-44ABA8D21488}"
EndProject
Global
	GlobalSection(SolutionConfigurationPlatforms) = preSolution
		Debug|Any CPU = Debug|Any CPU
		Release|Any CPU = Release|Any CPU
	EndGlobalSection
	GlobalSection(ProjectConfigurationPlatforms) = postSolution
		{12CF3065-EB33-4553-9CC3-44ABA8D21488}.Debug|Any CPU.ActiveCfg = Debug|Any CPU
		{12CF3065-EB33-4553-9CC3-44ABA8D21488}.Debug|Any CPU.Build.0 = Debug|Any CPU
		{12CF3065-EB33-4553-9CC3-44ABA8D21488}.Release|Any CPU.ActiveCfg = Release|Any CPU
		{12CF3065-EB33-4553-9CC3-44ABA8D21488}.Release|Any CPU.Build.0 = Release|Any CPU
	EndGlobalSection
	GlobalSection(SolutionProperties) = preSolution
		HideSolutionNode = FALSE
	EndGlobalSection
	GlobalSection(ExtensibilityGlobals) = postSolution
		SolutionGuid = {F04B88D6-9C3B-41FE-8339-5F19F00CE018}
	EndGlobalSection
EndGlobal
